<?xml version="1.0" encoding="utf-8"?>
<Project ToolsVersion="4.0" xmlns="http://schemas.microsoft.com/developer/msbuild/2003">
  <ItemGroup>
    <Filter Include="Quelldateien">
      <UniqueIdentifier>{4FC737F1-C7A5-4376-A066-2A32D752A2FF}</UniqueIdentifier>
      <Extensions>cpp;c;cc;cxx;c++;cppm;ixx;def;odl;idl;hpj;bat;asm;asmx</Extensions>
    </Filter>
    <Filter Include="Headerdateien">
      <UniqueIdentifier>{93995380-89BD-4b04-88EB-625FBE52EBFB}</UniqueIdentifier>
      <Extensions>h;hh;hpp;hxx;h++;hm;inl;inc;ipp;xsd</Extensions>
    </Filter>
    <Filter Include="Ressourcendateien">
      <UniqueIdentifier>{67DA6AB6-F800-4c08-8B7A-83BB121AAD01}</UniqueIdentifier>
      <Extensions>rc;ico;cur;bmp;dlg;rc2;rct;bin;rgs;gif;jpg;jpeg;jpe;resx;tiff;tif;png;wav;mfcribbon-ms</Extensions>
    </Filter>
    <Filter Include="Headerdateien\Character">
      <UniqueIdentifier>{95987a58-bde9-4d15-8001-3b3eadbd5344}</UniqueIdentifier>
    </Filter>
    <Filter Include="Quelldateien\Character">
      <UniqueIdentifier>{2f4ed4df-4ddb-4946-a3a4-7ee33811667c}</UniqueIdentifier>
    </Filter>
    <Filter Include="Headerdateien\Commands">
      <UniqueIdentifier>{8fb2426f-b7ae-4a16-805c-87e793466085}</UniqueIdentifier>
    </Filter>
    <Filter Include="Quelldateien\Commands">
      <UniqueIdentifier>{3305032f-19d0-42d0-80f4-1b3ddb014d87}</UniqueIdentifier>
    </Filter>
    <Filter Include="Headerdateien\Items">
      <UniqueIdentifier>{f2ac7eae-0cdd-43e6-9d68-184683b41ff3}</UniqueIdentifier>
    </Filter>
    <Filter Include="Quelldateien\Items">
      <UniqueIdentifier>{b7eb86de-4e85-4f73-a535-0252cf82f885}</UniqueIdentifier>
    </Filter>
    <Filter Include="Quelldateien\Grid">
      <UniqueIdentifier>{833dbaac-5a23-4f28-9825-5920be15f1d5}</UniqueIdentifier>
    </Filter>
    <Filter Include="Headerdateien\Grid">
      <UniqueIdentifier>{5511ec25-3241-44fd-b340-782dd02a276c}</UniqueIdentifier>
    </Filter>
  </ItemGroup>
  <ItemGroup>
    <ClCompile Include="Synch-Undo.cpp">
      <Filter>Quelldateien</Filter>
    </ClCompile>
    <ClCompile Include="Component.cpp">
      <Filter>Quelldateien</Filter>
    </ClCompile>
    <ClCompile Include="GameObject.cpp">
      <Filter>Quelldateien</Filter>
    </ClCompile>
    <ClCompile Include="TransformComponent.cpp">
      <Filter>Quelldateien</Filter>
    </ClCompile>
    <ClCompile Include="RenderComponent.cpp">
      <Filter>Quelldateien</Filter>
    </ClCompile>
    <ClCompile Include="Attackable.cpp">
      <Filter>Quelldateien\Character</Filter>
    </ClCompile>
    <ClCompile Include="CharacterStats.cpp">
      <Filter>Quelldateien\Character</Filter>
    </ClCompile>
    <ClCompile Include="Enemy.cpp">
      <Filter>Quelldateien\Character</Filter>
    </ClCompile>
    <ClCompile Include="Movable.cpp">
      <Filter>Quelldateien\Character</Filter>
    </ClCompile>
    <ClCompile Include="Player.cpp">
      <Filter>Quelldateien\Character</Filter>
    </ClCompile>
    <ClCompile Include="Character.cpp">
      <Filter>Quelldateien\Character</Filter>
    </ClCompile>
    <ClCompile Include="CharacterController.cpp">
      <Filter>Quelldateien\Character</Filter>
    </ClCompile>
    <ClCompile Include="Command.cpp">
      <Filter>Quelldateien\Commands</Filter>
    </ClCompile>
    <ClCompile Include="AttackCommand.cpp">
      <Filter>Quelldateien\Commands</Filter>
    </ClCompile>
    <ClCompile Include="CommandInvoker.cpp">
      <Filter>Quelldateien\Commands</Filter>
    </ClCompile>
    <ClCompile Include="DieCommand.cpp">
      <Filter>Quelldateien\Commands</Filter>
    </ClCompile>
    <ClCompile Include="MoveCommand.cpp">
      <Filter>Quelldateien\Commands</Filter>
    </ClCompile>
    <ClCompile Include="Item.cpp">
      <Filter>Quelldateien\Items</Filter>
    </ClCompile>
    <ClCompile Include="ItemManager.cpp">
      <Filter>Quelldateien\Items</Filter>
    </ClCompile>
    <ClCompile Include="Grid.cpp">
      <Filter>Quelldateien\Grid</Filter>
    </ClCompile>
    <ClCompile Include="Cell.cpp">
      <Filter>Quelldateien\Grid</Filter>
    </ClCompile>
    <ClCompile Include="Interactable.cpp">
      <Filter>Quelldateien\Items</Filter>
    </ClCompile>
    <ClCompile Include="PickUpCommand.cpp">
      <Filter>Quelldateien\Commands</Filter>
    </ClCompile>
    <ClCompile Include="ScorePickUp.cpp">
      <Filter>Quelldateien\Items</Filter>
    </ClCompile>
    <ClCompile Include="RespawnCommand.cpp">
      <Filter>Quelldateien\Commands</Filter>
    </ClCompile>
    <ClCompile Include="RotateCommand.cpp">
      <Filter>Quelldateien\Commands</Filter>
    </ClCompile>
    <ClCompile Include="ConsoleManager.cpp">
      <Filter>Quelldateien</Filter>
    </ClCompile>
    <ClCompile Include="GameStateManager.cpp">
      <Filter>Quelldateien</Filter>
    </ClCompile>
    <ClCompile Include="SpawnPickUpCommand.cpp">
      <Filter>Quelldateien\Commands</Filter>
    </ClCompile>
    <ClCompile Include="ScorePickUpCommand.cpp">
      <Filter>Quelldateien\Commands</Filter>
    </ClCompile>
    <ClCompile Include="HealthPickUpCommand.cpp">
      <Filter>Quelldateien\Commands</Filter>
    </ClCompile>
    <ClCompile Include="HealthPickUp.cpp">
      <Filter>Quelldateien\Items</Filter>
    </ClCompile>
  </ItemGroup>
  <ItemGroup>
    <ClInclude Include="Component.h">
      <Filter>Headerdateien</Filter>
    </ClInclude>
    <ClInclude Include="GameObject.h">
      <Filter>Headerdateien</Filter>
    </ClInclude>
    <ClInclude Include="TransformComponent.h">
      <Filter>Headerdateien</Filter>
    </ClInclude>
    <ClInclude Include="RenderComponent.h">
      <Filter>Headerdateien</Filter>
    </ClInclude>
    <ClInclude Include="resource.h">
      <Filter>Headerdateien</Filter>
    </ClInclude>
    <ClInclude Include="Attackable.h">
      <Filter>Headerdateien\Character</Filter>
    </ClInclude>
    <ClInclude Include="CharacterStats.h">
      <Filter>Headerdateien\Character</Filter>
    </ClInclude>
    <ClInclude Include="Enemy.h">
      <Filter>Headerdateien\Character</Filter>
    </ClInclude>
    <ClInclude Include="Player.h">
      <Filter>Headerdateien\Character</Filter>
    </ClInclude>
    <ClInclude Include="Movable.h">
      <Filter>Headerdateien\Character</Filter>
    </ClInclude>
    <ClInclude Include="Character.h">
      <Filter>Headerdateien\Character</Filter>
    </ClInclude>
    <ClInclude Include="CharacterController.h">
      <Filter>Headerdateien\Character</Filter>
    </ClInclude>
    <ClInclude Include="AttackCommand.h">
      <Filter>Headerdateien\Commands</Filter>
    </ClInclude>
    <ClInclude Include="Command.h">
      <Filter>Headerdateien\Commands</Filter>
    </ClInclude>
    <ClInclude Include="CommandInvoker.h">
      <Filter>Headerdateien\Commands</Filter>
    </ClInclude>
    <ClInclude Include="DieCommand.h">
      <Filter>Headerdateien\Commands</Filter>
    </ClInclude>
    <ClInclude Include="MoveCommand.h">
      <Filter>Headerdateien\Commands</Filter>
    </ClInclude>
    <ClInclude Include="Item.h">
      <Filter>Headerdateien\Items</Filter>
    </ClInclude>
    <ClInclude Include="ItemManager.h">
      <Filter>Headerdateien\Items</Filter>
    </ClInclude>
    <ClInclude Include="Interactable.h">
      <Filter>Headerdateien\Items</Filter>
    </ClInclude>
    <ClInclude Include="Grid.h">
      <Filter>Headerdateien\Grid</Filter>
    </ClInclude>
    <ClInclude Include="Cell.h">
      <Filter>Headerdateien\Grid</Filter>
    </ClInclude>
    <ClInclude Include="PickUpCommand.h">
      <Filter>Headerdateien\Commands</Filter>
    </ClInclude>
    <ClInclude Include="ScorePickUp.h">
      <Filter>Headerdateien\Items</Filter>
    </ClInclude>
    <ClInclude Include="RotateCommand.h">
      <Filter>Headerdateien\Commands</Filter>
    </ClInclude>
    <ClInclude Include="RespawnCommand.h">
      <Filter>Headerdateien\Commands</Filter>
    </ClInclude>
    <ClInclude Include="ConsoleManager.h">
      <Filter>Headerdateien</Filter>
    </ClInclude>
    <ClInclude Include="GameStateManager.h">
      <Filter>Headerdateien</Filter>
    </ClInclude>
    <ClInclude Include="HealthPickUpCommand.h">
      <Filter>Headerdateien\Commands</Filter>
    </ClInclude>
    <ClInclude Include="ScorePickUpCommand.h">
      <Filter>Headerdateien\Commands</Filter>
    </ClInclude>
    <ClInclude Include="SpawnPickUpCommand.h">
      <Filter>Headerdateien\Commands</Filter>
    </ClInclude>
    <ClInclude Include="HealthPickUp.h">
      <Filter>Headerdateien\Items</Filter>
    </ClInclude>
  </ItemGroup>
  <ItemGroup>
    <ResourceCompile Include="Synch-Undo.rc">
      <Filter>Ressourcendateien</Filter>
    </ResourceCompile>
  </ItemGroup>
  <ItemGroup>
    <None Include="ClassDiagram1.cd" />
  </ItemGroup>
</Project>